
Microsoft Visual Studio Solution File, Format Version 12.00
# Visual Studio Version 16
VisualStudioVersion = 16.0.29911.84
MinimumVisualStudioVersion = 10.0.40219.1
Project("{FAE04EC0-301F-11D3-BF4B-00C04F79EFBC}") = "BlogCore", "BlogCore\BlogCore.csproj", "{35B77B44-18A6-47ED-B5DF-FBAAA1D15171}"
EndProject
Project("{FAE04EC0-301F-11D3-BF4B-00C04F79EFBC}") = "AccesoDatos", "AccesoDatos\AccesoDatos.csproj", "{C0F8CD11-0C1D-4D36-8EF6-7FC8F49982DF}"
EndProject
Project("{FAE04EC0-301F-11D3-BF4B-00C04F79EFBC}") = "Models", "Models\Models.csproj", "{72D525BF-2E38-4B50-8813-E72AD36B8EB7}"
EndProject
Project("{FAE04EC0-301F-11D3-BF4B-00C04F79EFBC}") = "Utilidades", "Utilidades\Utilidades.csproj", "{410ABD71-2392-45D8-A027-7F3ACAACFCB2}"
EndProject
Global
	GlobalSection(SolutionConfigurationPlatforms) = preSolution
		Debug|Any CPU = Debug|Any CPU
		Release|Any CPU = Release|Any CPU
	EndGlobalSection
	GlobalSection(ProjectConfigurationPlatforms) = postSolution
		{35B77B44-18A6-47ED-B5DF-FBAAA1D15171}.Debug|Any CPU.ActiveCfg = Debug|Any CPU
		{35B77B44-18A6-47ED-B5DF-FBAAA1D15171}.Debug|Any CPU.Build.0 = Debug|Any CPU
		{35B77B44-18A6-47ED-B5DF-FBAAA1D15171}.Release|Any CPU.ActiveCfg = Release|Any CPU
		{35B77B44-18A6-47ED-B5DF-FBAAA1D15171}.Release|Any CPU.Build.0 = Release|Any CPU
		{C0F8CD11-0C1D-4D36-8EF6-7FC8F49982DF}.Debug|Any CPU.ActiveCfg = Debug|Any CPU
		{C0F8CD11-0C1D-4D36-8EF6-7FC8F49982DF}.Debug|Any CPU.Build.0 = Debug|Any CPU
		{C0F8CD11-0C1D-4D36-8EF6-7FC8F49982DF}.Release|Any CPU.ActiveCfg = Release|Any CPU
		{C0F8CD11-0C1D-4D36-8EF6-7FC8F49982DF}.Release|Any CPU.Build.0 = Release|Any CPU
		{72D525BF-2E38-4B50-8813-E72AD36B8EB7}.Debug|Any CPU.ActiveCfg = Debug|Any CPU
		{72D525BF-2E38-4B50-8813-E72AD36B8EB7}.Debug|Any CPU.Build.0 = Debug|Any CPU
		{72D525BF-2E38-4B50-8813-E72AD36B8EB7}.Release|Any CPU.ActiveCfg = Release|Any CPU
		{72D525BF-2E38-4B50-8813-E72AD36B8EB7}.Release|Any CPU.Build.0 = Release|Any CPU
		{410ABD71-2392-45D8-A027-7F3ACAACFCB2}.Debug|Any CPU.ActiveCfg = Debug|Any CPU
		{410ABD71-2392-45D8-A027-7F3ACAACFCB2}.Debug|Any CPU.Build.0 = Debug|Any CPU
		{410ABD71-2392-45D8-A027-7F3ACAACFCB2}.Release|Any CPU.ActiveCfg = Release|Any CPU
		{410ABD71-2392-45D8-A027-7F3ACAACFCB2}.Release|Any CPU.Build.0 = Release|Any CPU
	EndGlobalSection
	GlobalSection(SolutionProperties) = preSolution
		HideSolutionNode = FALSE
	EndGlobalSection
	GlobalSection(ExtensibilityGlobals) = postSolution
		SolutionGuid = {7B9AD3FC-4571-4564-9712-1CAAFA8FA884}
	EndGlobalSection
EndGlobal
